// !$*UTF8*$!
{
	archiveVersion = 1;
	classes = {
	};
	objectVersion = 77;
	objects = {

/* Begin PBXBuildFile section */
		C90EAD6B2F65670300EEE889 /* AppDelegate.swift in Sources */ = {isa = PBXBuildFile; fileRef = C90EAD6A2F65670300EEE889 /* AppDelegate.swift */; };
		C90EAD6D2F65670300EEE889 /* SceneDelegate.swift in Sources */ = {isa = PBXBuildFile; fileRef = C90EAD6C2F65670300EEE889 /* SceneDelegate.swift */; };
		C90EAD702F65670300EEE889 /* LaunchScreen.storyboard in Resources */ = {isa = PBXBuildFile; fileRef = C90EAD6E2F65670300EEE889 /* LaunchScreen.storyboard */; };
		C90EAD732F65670300EEE889 /* Main.storyboard in Resources */ = {isa = PBXBuildFile; fileRef = C90EAD712F65670300EEE889 /* Main.storyboard */; };
		C90EAD7C2F65670300EEE889 /* AppDelegate.swift in Sources */ = {isa = PBXBuildFile; fileRef = C90EAD7B2F65670300EEE889 /* AppDelegate.swift */; };
		C90EAD7F2F65670300EEE889 /* Main.storyboard in Resources */ = {isa = PBXBuildFile; fileRef = C90EAD7D2F65670300EEE889 /* Main.storyboard */; };
		C90EAD862F65670300EEE889 /* Finn.no & Hjem.no Data Extractor Extension.appex in Embed Foundation Extensions */ = {isa = PBXBuildFile; fileRef = C90EAD852F65670300EEE889 /* Finn.no & Hjem.no Data Extractor Extension.appex */; settings = {ATTRIBUTES = (RemoveHeadersOnCopy, ); }; };
		C90EAD902F65670300EEE889 /* Finn.no & Hjem.no Data Extractor Extension.appex in Embed Foundation Extensions */ = {isa = PBXBuildFile; fileRef = C90EAD8F2F65670300EEE889 /* Finn.no & Hjem.no Data Extractor Extension.appex */; settings = {ATTRIBUTES = (RemoveHeadersOnCopy, ); }; };
		C90EAD952F65670300EEE889 /* Main.html in Resources */ = {isa = PBXBuildFile; fileRef = C90EAD5A2F65670200EEE889 /* Main.html */; };
		C90EAD962F65670300EEE889 /* Main.html in Resources */ = {isa = PBXBuildFile; fileRef = C90EAD5A2F65670200EEE889 /* Main.html */; };
		C90EAD972F65670300EEE889 /* Icon.png in Resources */ = {isa = PBXBuildFile; fileRef = C90EAD5C2F65670200EEE889 /* Icon.png */; };
		C90EAD982F65670300EEE889 /* Icon.png in Resources */ = {isa = PBXBuildFile; fileRef = C90EAD5C2F65670200EEE889 /* Icon.png */; };
		C90EAD992F65670300EEE889 /* Style.css in Resources */ = {isa = PBXBuildFile; fileRef = C90EAD5D2F65670200EEE889 /* Style.css */; };
		C90EAD9A2F65670300EEE889 /* Style.css in Resources */ = {isa = PBXBuildFile; fileRef = C90EAD5D2F65670200EEE889 /* Style.css */; };
		C90EAD9B2F65670300EEE889 /* Script.js in Resources */ = {isa = PBXBuildFile; fileRef = C90EAD5E2F65670200EEE889 /* Script.js */; };
		C90EAD9C2F65670300EEE889 /* Script.js in Resources */ = {isa = PBXBuildFile; fileRef = C90EAD5E2F65670200EEE889 /* Script.js */; };
		C90EAD9D2F65670300EEE889 /* ViewController.swift in Sources */ = {isa = PBXBuildFile; fileRef = C90EAD5F2F65670200EEE889 /* ViewController.swift */; };
		C90EAD9E2F65670300EEE889 /* ViewController.swift in Sources */ = {isa = PBXBuildFile; fileRef = C90EAD5F2F65670200EEE889 /* ViewController.swift */; };
		C90EAD9F2F65670300EEE889 /* Assets.xcassets in Resources */ = {isa = PBXBuildFile; fileRef = C90EAD602F65670300EEE889 /* Assets.xcassets */; };
		C90EADA02F65670300EEE889 /* Assets.xcassets in Resources */ = {isa = PBXBuildFile; fileRef = C90EAD602F65670300EEE889 /* Assets.xcassets */; };
		C90EADA12F65670300EEE889 /* SafariWebExtensionHandler.swift in Sources */ = {isa = PBXBuildFile; fileRef = C90EAD622F65670300EEE889 /* SafariWebExtensionHandler.swift */; };
		C90EADA22F65670300EEE889 /* SafariWebExtensionHandler.swift in Sources */ = {isa = PBXBuildFile; fileRef = C90EAD622F65670300EEE889 /* SafariWebExtensionHandler.swift */; };
		C90EADBC2F65670300EEE889 /* icon48.png in Resources */ = {isa = PBXBuildFile; fileRef = C90EADB42F65670300EEE889 /* icon48.png */; };
		C90EADBD2F65670300EEE889 /* icon128.png in Resources */ = {isa = PBXBuildFile; fileRef = C90EADB52F65670300EEE889 /* icon128.png */; };
		C90EADBE2F65670300EEE889 /* hjem_no_example.html in Resources */ = {isa = PBXBuildFile; fileRef = C90EADB62F65670300EEE889 /* hjem_no_example.html */; };
		C90EADBF2F65670300EEE889 /* consoleoutput.txt in Resources */ = {isa = PBXBuildFile; fileRef = C90EADB72F65670300EEE889 /* consoleoutput.txt */; };
		C90EADC02F65670300EEE889 /* finn_no_example.html in Resources */ = {isa = PBXBuildFile; fileRef = C90EADB82F65670300EEE889 /* finn_no_example.html */; };
		C90EADC12F65670300EEE889 /* manifest.json in Resources */ = {isa = PBXBuildFile; fileRef = C90EADB92F65670300EEE889 /* manifest.json */; };
		C90EADC22F65670300EEE889 /* hjem_no_extracts.html in Resources */ = {isa = PBXBuildFile; fileRef = C90EADBA2F65670300EEE889 /* hjem_no_extracts.html */; };
		C90EADC32F65670300EEE889 /* content.js in Resources */ = {isa = PBXBuildFile; fileRef = C90EADBB2F65670300EEE889 /* content.js */; };
		C90EADC42F65670300EEE889 /* icon48.png in Resources */ = {isa = PBXBuildFile; fileRef = C90EADB42F65670300EEE889 /* icon48.png */; };
		C90EADC52F65670300EEE889 /* icon128.png in Resources */ = {isa = PBXBuildFile; fileRef = C90EADB52F65670300EEE889 /* icon128.png */; };
		C90EADC62F65670300EEE889 /* hjem_no_example.html in Resources */ = {isa = PBXBuildFile; fileRef = C90EADB62F65670300EEE889 /* hjem_no_example.html */; };
		C90EADC72F65670300EEE889 /* consoleoutput.txt in Resources */ = {isa = PBXBuildFile; fileRef = C90EADB72F65670300EEE889 /* consoleoutput.txt */; };
		C90EADC82F65670300EEE889 /* finn_no_example.html in Resources */ = {isa = PBXBuildFile; fileRef = C90EADB82F65670300EEE889 /* finn_no_example.html */; };
		C90EADC92F65670300EEE889 /* manifest.json in Resources */ = {isa = PBXBuildFile; fileRef = C90EADB92F65670300EEE889 /* manifest.json */; };
		C90EADCA2F65670300EEE889 /* hjem_no_extracts.html in Resources */ = {isa = PBXBuildFile; fileRef = C90EADBA2F65670300EEE889 /* hjem_no_extracts.html */; };
		C90EADCB2F65670300EEE889 /* content.js in Resources */ = {isa = PBXBuildFile; fileRef = C90EADBB2F65670300EEE889 /* content.js */; };
/* End PBXBuildFile section */

/* Begin PBXContainerItemProxy section */
		C90EAD872F65670300EEE889 /* PBXContainerItemProxy */ = {
			isa = PBXContainerItemProxy;
			containerPortal = C90EAD542F65670100EEE889 /* Project object */;
			proxyType = 1;
			remoteGlobalIDString = C90EAD842F65670300EEE889;
			remoteInfo = "Finn.no & Hjem.no Data Extractor Extension (iOS)";
		};
		C90EAD912F65670300EEE889 /* PBXContainerItemProxy */ = {
			isa = PBXContainerItemProxy;
			containerPortal = C90EAD542F65670100EEE889 /* Project object */;
			proxyType = 1;
			remoteGlobalIDString = C90EAD8E2F65670300EEE889;
			remoteInfo = "Finn.no & Hjem.no Data Extractor Extension (macOS)";
		};
/* End PBXContainerItemProxy section */

/* Begin PBXCopyFilesBuildPhase section */
		C90EADA82F65670300EEE889 /* Embed Foundation Extensions */ = {
			isa = PBXCopyFilesBuildPhase;
			buildActionMask = 2147483647;
			dstPath = "";
			dstSubfolderSpec = 13;
			files = (
				C90EAD862F65670300EEE889 /* Finn.no & Hjem.no Data Extractor Extension.appex in Embed Foundation Extensions */,
			);
			name = "Embed Foundation Extensions";
			runOnlyForDeploymentPostprocessing = 0;
		};
		C90EADAF2F65670300EEE889 /* Embed Foundation Extensions */ = {
			isa = PBXCopyFilesBuildPhase;
			buildActionMask = 2147483647;
			dstPath = "";
			dstSubfolderSpec = 13;
			files = (
				C90EAD902F65670300EEE889 /* Finn.no & Hjem.no Data Extractor Extension.appex in Embed Foundation Extensions */,
			);
			name = "Embed Foundation Extensions";
			runOnlyForDeploymentPostprocessing = 0;
		};
/* End PBXCopyFilesBuildPhase section */

/* Begin PBXFileReference section */
		C90EAD5B2F65670200EEE889 /* Base */ = {isa = PBXFileReference; lastKnownFileType = text.html; name = Base; path = Base.lproj/Main.html; sourceTree = "<group>"; };
		C90EAD5C2F65670200EEE889 /* Icon.png */ = {isa = PBXFileReference; lastKnownFileType = image.png; path = Icon.png; sourceTree = "<group>"; };
		C90EAD5D2F65670200EEE889 /* Style.css */ = {isa = PBXFileReference; lastKnownFileType = text.css; path = Style.css; sourceTree = "<group>"; };
		C90EAD5E2F65670200EEE889 /* Script.js */ = {isa = PBXFileReference; lastKnownFileType = sourcecode.javascript; path = Script.js; sourceTree = "<group>"; };
		C90EAD5F2F65670200EEE889 /* ViewController.swift */ = {isa = PBXFileReference; lastKnownFileType = sourcecode.swift; path = ViewController.swift; sourceTree = "<group>"; };
		C90EAD602F65670300EEE889 /* Assets.xcassets */ = {isa = PBXFileReference; lastKnownFileType = folder.assetcatalog; path = Assets.xcassets; sourceTree = "<group>"; };
		C90EAD622F65670300EEE889 /* SafariWebExtensionHandler.swift */ = {isa = PBXFileReference; lastKnownFileType = sourcecode.swift; path = SafariWebExtensionHandler.swift; sourceTree = "<group>"; };
		C90EAD672F65670300EEE889 /* Finn.no & Hjem.no Data Extractor.app */ = {isa = PBXFileReference; explicitFileType = wrapper.application; includeInIndex = 0; path = "Finn.no & Hjem.no Data Extractor.app"; sourceTree = BUILT_PRODUCTS_DIR; };
		C90EAD6A2F65670300EEE889 /* AppDelegate.swift */ = {isa = PBXFileReference; lastKnownFileType = sourcecode.swift; path = AppDelegate.swift; sourceTree = "<group>"; };
		C90EAD6C2F65670300EEE889 /* SceneDelegate.swift */ = {isa = PBXFileReference; lastKnownFileType = sourcecode.swift; path = SceneDelegate.swift; sourceTree = "<group>"; };
		C90EAD6F2F65670300EEE889 /* Base */ = {isa = PBXFileReference; lastKnownFileType = file.storyboard; name = Base; path = Base.lproj/LaunchScreen.storyboard; sourceTree = "<group>"; };
		C90EAD722F65670300EEE889 /* Base */ = {isa = PBXFileReference; lastKnownFileType = file.storyboard; name = Base; path = Base.lproj/Main.storyboard; sourceTree = "<group>"; };
		C90EAD742F65670300EEE889 /* Info.plist */ = {isa = PBXFileReference; lastKnownFileType = text.plist.xml; path = Info.plist; sourceTree = "<group>"; };
		C90EAD792F65670300EEE889 /* Finn.no & Hjem.no Data Extractor.app */ = {isa = PBXFileReference; explicitFileType = wrapper.application; includeInIndex = 0; path = "Finn.no & Hjem.no Data Extractor.app"; sourceTree = BUILT_PRODUCTS_DIR; };
		C90EAD7B2F65670300EEE889 /* AppDelegate.swift */ = {isa = PBXFileReference; lastKnownFileType = sourcecode.swift; path = AppDelegate.swift; sourceTree = "<group>"; };
		C90EAD7E2F65670300EEE889 /* Base */ = {isa = PBXFileReference; lastKnownFileType = file.storyboard; name = Base; path = Base.lproj/Main.storyboard; sourceTree = "<group>"; };
		C90EAD802F65670300EEE889 /* Info.plist */ = {isa = PBXFileReference; lastKnownFileType = text.plist.xml; path = Info.plist; sourceTree = "<group>"; };
		C90EAD852F65670300EEE889 /* Finn.no & Hjem.no Data Extractor Extension.appex */ = {isa = PBXFileReference; explicitFileType = "wrapper.app-extension"; includeInIndex = 0; path = "Finn.no & Hjem.no Data Extractor Extension.appex"; sourceTree = BUILT_PRODUCTS_DIR; };
		C90EAD8A2F65670300EEE889 /* Info.plist */ = {isa = PBXFileReference; lastKnownFileType = text.plist.xml; path = Info.plist; sourceTree = "<group>"; };
		C90EAD8F2F65670300EEE889 /* Finn.no & Hjem.no Data Extractor Extension.appex */ = {isa = PBXFileReference; explicitFileType = "wrapper.app-extension"; includeInIndex = 0; path = "Finn.no & Hjem.no Data Extractor Extension.appex"; sourceTree = BUILT_PRODUCTS_DIR; };
		C90EAD942F65670300EEE889 /* Info.plist */ = {isa = PBXFileReference; lastKnownFileType = text.plist.xml; path = Info.plist; sourceTree = "<group>"; };
		C90EADB42F65670300EEE889 /* icon48.png */ = {isa = PBXFileReference; lastKnownFileType = image.png; name = icon48.png; path = "../../../Finn_Hjem_eiend_data_extension v2/Finn_Hjem_eiendom_data_extension v2/icon48.png"; sourceTree = "<group>"; };
		C90EADB52F65670300EEE889 /* icon128.png */ = {isa = PBXFileReference; lastKnownFileType = image.png; name = icon128.png; path = "../../../Finn_Hjem_eiend_data_extension v2/Finn_Hjem_eiendom_data_extension v2/icon128.png"; sourceTree = "<group>"; };
		C90EADB62F65670300EEE889 /* hjem_no_example.html */ = {isa = PBXFileReference; lastKnownFileType = text.html; name = hjem_no_example.html; path = "../../../Finn_Hjem_eiend_data_extension v2/Finn_Hjem_eiendom_data_extension v2/hjem_no_example.html"; sourceTree = "<group>"; };
		C90EADB72F65670300EEE889 /* consoleoutput.txt */ = {isa = PBXFileReference; lastKnownFileType = text; name = consoleoutput.txt; path = "../../../Finn_Hjem_eiend_data_extension v2/Finn_Hjem_eiendom_data_extension v2/consoleoutput.txt"; sourceTree = "<group>"; };
		C90EADB82F65670300EEE889 /* finn_no_example.html */ = {isa = PBXFileReference; lastKnownFileType = text.html; name = finn_no_example.html; path = "../../../Finn_Hjem_eiend_data_extension v2/Finn_Hjem_eiendom_data_extension v2/finn_no_example.html"; sourceTree = "<group>"; };
		C90EADB92F65670300EEE889 /* manifest.json */ = {isa = PBXFileReference; lastKnownFileType = text.json; name = manifest.json; path = "../../../Finn_Hjem_eiend_data_extension v2/Finn_Hjem_eiendom_data_extension v2/manifest.json"; sourceTree = "<group>"; };
		C90EADBA2F65670300EEE889 /* hjem_no_extracts.html */ = {isa = PBXFileReference; lastKnownFileType = text.html; name = hjem_no_extracts.html; path = "../../../Finn_Hjem_eiend_data_extension v2/Finn_Hjem_eiendom_data_extension v2/hjem_no_extracts.html"; sourceTree = "<group>"; };
		C90EADBB2F65670300EEE889 /* content.js */ = {isa = PBXFileReference; lastKnownFileType = sourcecode.javascript; name = content.js; path = "../../../Finn_Hjem_eiend_data_extension v2/Finn_Hjem_eiendom_data_extension v2/content.js"; sourceTree = "<group>"; };
/* End PBXFileReference section */

/* Begin PBXFrameworksBuildPhase section */
		C90EAD642F65670300EEE889 /* Frameworks */ = {
			isa = PBXFrameworksBuildPhase;
			buildActionMask = 2147483647;
			files = (
			);
			runOnlyForDeploymentPostprocessing = 0;
		};
		C90EAD762F65670300EEE889 /* Frameworks */ = {
			isa = PBXFrameworksBuildPhase;
			buildActionMask = 2147483647;
			files = (
			);
			runOnlyForDeploymentPostprocessing = 0;
		};
		C90EAD822F65670300EEE889 /* Frameworks */ = {
			isa = PBXFrameworksBuildPhase;
			buildActionMask = 2147483647;
			files = (
			);
			runOnlyForDeploymentPostprocessing = 0;
		};
		C90EAD8C2F65670300EEE889 /* Frameworks */ = {
			isa = PBXFrameworksBuildPhase;
			buildActionMask = 2147483647;
			files = (
			);
			runOnlyForDeploymentPostprocessing = 0;
		};
/* End PBXFrameworksBuildPhase section */

/* Begin PBXGroup section */
		C90EAD532F65670100EEE889 = {
			isa = PBXGroup;
			children = (
				C90EAD582F65670200EEE889 /* Shared (App) */,
				C90EAD612F65670300EEE889 /* Shared (Extension) */,
				C90EAD692F65670300EEE889 /* iOS (App) */,
				C90EAD7A2F65670300EEE889 /* macOS (App) */,
				C90EAD892F65670300EEE889 /* iOS (Extension) */,
				C90EAD932F65670300EEE889 /* macOS (Extension) */,
				C90EAD682F65670300EEE889 /* Products */,
			);
			sourceTree = "<group>";
		};
		C90EAD582F65670200EEE889 /* Shared (App) */ = {
			isa = PBXGroup;
			children = (
				C90EAD5F2F65670200EEE889 /* ViewController.swift */,
				C90EAD602F65670300EEE889 /* Assets.xcassets */,
				C90EAD592F65670200EEE889 /* Resources */,
			);
			path = "Shared (App)";
			sourceTree = "<group>";
		};
		C90EAD592F65670200EEE889 /* Resources */ = {
			isa = PBXGroup;
			children = (
				C90EAD5A2F65670200EEE889 /* Main.html */,
				C90EAD5C2F65670200EEE889 /* Icon.png */,
				C90EAD5D2F65670200EEE889 /* Style.css */,
				C90EAD5E2F65670200EEE889 /* Script.js */,
			);
			path = Resources;
			sourceTree = "<group>";
		};
		C90EAD612F65670300EEE889 /* Shared (Extension) */ = {
			isa = PBXGroup;
			children = (
				C90EADB32F65670300EEE889 /* Resources */,
				C90EAD622F65670300EEE889 /* SafariWebExtensionHandler.swift */,
			);
			path = "Shared (Extension)";
			sourceTree = "<group>";
		};
		C90EAD682F65670300EEE889 /* Products */ = {
			isa = PBXGroup;
			children = (
				C90EAD672F65670300EEE889 /* Finn.no & Hjem.no Data Extractor.app */,
				C90EAD792F65670300EEE889 /* Finn.no & Hjem.no Data Extractor.app */,
				C90EAD852F65670300EEE889 /* Finn.no & Hjem.no Data Extractor Extension.appex */,
				C90EAD8F2F65670300EEE889 /* Finn.no & Hjem.no Data Extractor Extension.appex */,
			);
			name = Products;
			sourceTree = "<group>";
		};
		C90EAD692F65670300EEE889 /* iOS (App) */ = {
			isa = PBXGroup;
			children = (
				C90EAD6A2F65670300EEE889 /* AppDelegate.swift */,
				C90EAD6C2F65670300EEE889 /* SceneDelegate.swift */,
				C90EAD6E2F65670300EEE889 /* LaunchScreen.storyboard */,
				C90EAD712F65670300EEE889 /* Main.storyboard */,
				C90EAD742F65670300EEE889 /* Info.plist */,
			);
			path = "iOS (App)";
			sourceTree = "<group>";
		};
		C90EAD7A2F65670300EEE889 /* macOS (App) */ = {
			isa = PBXGroup;
			children = (
				C90EAD7B2F65670300EEE889 /* AppDelegate.swift */,
				C90EAD7D2F65670300EEE889 /* Main.storyboard */,
				C90EAD802F65670300EEE889 /* Info.plist */,
			);
			path = "macOS (App)";
			sourceTree = "<group>";
		};
		C90EAD892F65670300EEE889 /* iOS (Extension) */ = {
			isa = PBXGroup;
			children = (
				C90EAD8A2F65670300EEE889 /* Info.plist */,
			);
			path = "iOS (Extension)";
			sourceTree = "<group>";
		};
		C90EAD932F65670300EEE889 /* macOS (Extension) */ = {
			isa = PBXGroup;
			children = (
				C90EAD942F65670300EEE889 /* Info.plist */,
			);
			path = "macOS (Extension)";
			sourceTree = "<group>";
		};
		C90EADB32F65670300EEE889 /* Resources */ = {
			isa = PBXGroup;
			children = (
				C90EADB42F65670300EEE889 /* icon48.png */,
				C90EADB52F65670300EEE889 /* icon128.png */,
				C90EADB62F65670300EEE889 /* hjem_no_example.html */,
				C90EADB72F65670300EEE889 /* consoleoutput.txt */,
				C90EADB82F65670300EEE889 /* finn_no_example.html */,
				C90EADB92F65670300EEE889 /* manifest.json */,
				C90EADBA2F65670300EEE889 /* hjem_no_extracts.html */,
				C90EADBB2F65670300EEE889 /* content.js */,
			);
			name = Resources;
			path = "Shared (Extension)";
			sourceTree = SOURCE_ROOT;
		};
/* End PBXGroup section */

/* Begin PBXNativeTarget section */
		C90EAD662F65670300EEE889 /* Finn.no & Hjem.no Data Extractor (iOS) */ = {
			isa = PBXNativeTarget;
			buildConfigurationList = C90EADA92F65670300EEE889 /* Build configuration list for PBXNativeTarget "Finn.no & Hjem.no Data Extractor (iOS)" */;
			buildPhases = (
				C90EAD632F65670300EEE889 /* Sources */,
				C90EAD642F65670300EEE889 /* Frameworks */,
				C90EAD652F65670300EEE889 /* Resources */,
				C90EADA82F65670300EEE889 /* Embed Foundation Extensions */,
			);
			buildRules = (
			);
			dependencies = (
				C90EAD882F65670300EEE889 /* PBXTargetDependency */,
			);
			name = "Finn.no & Hjem.no Data Extractor (iOS)";
			packageProductDependencies = (
			);
			productName = "Finn.no & Hjem.no Data Extractor (iOS)";
			productReference = C90EAD672F65670300EEE889 /* Finn.no & Hjem.no Data Extractor.app */;
			productType = "com.apple.product-type.application";
		};
		C90EAD782F65670300EEE889 /* Finn.no & Hjem.no Data Extractor (macOS) */ = {
			isa = PBXNativeTarget;
			buildConfigurationList = C90EADB02F65670300EEE889 /* Build configuration list for PBXNativeTarget "Finn.no & Hjem.no Data Extractor (macOS)" */;
			buildPhases = (
				C90EAD752F65670300EEE889 /* Sources */,
				C90EAD762F65670300EEE889 /* Frameworks */,
				C90EAD772F65670300EEE889 /* Resources */,
				C90EADAF2F65670300EEE889 /* Embed Foundation Extensions */,
			);
			buildRules = (
			);
			dependencies = (
				C90EAD922F65670300EEE889 /* PBXTargetDependency */,
			);
			name = "Finn.no & Hjem.no Data Extractor (macOS)";
			packageProductDependencies = (
			);
			productName = "Finn.no & Hjem.no Data Extractor (macOS)";
			productReference = C90EAD792F65670300EEE889 /* Finn.no & Hjem.no Data Extractor.app */;
			productType = "com.apple.product-type.application";
		};
		C90EAD842F65670300EEE889 /* Finn.no & Hjem.no Data Extractor Extension (iOS) */ = {
			isa = PBXNativeTarget;
			buildConfigurationList = C90EADA52F65670300EEE889 /* Build configuration list for PBXNativeTarget "Finn.no & Hjem.no Data Extractor Extension (iOS)" */;
			buildPhases = (
				C90EAD812F65670300EEE889 /* Sources */,
				C90EAD822F65670300EEE889 /* Frameworks */,
				C90EAD832F65670300EEE889 /* Resources */,
			);
			buildRules = (
			);
			dependencies = (
			);
			name = "Finn.no & Hjem.no Data Extractor Extension (iOS)";
			packageProductDependencies = (
			);
			productName = "Finn.no & Hjem.no Data Extractor Extension (iOS)";
			productReference = C90EAD852F65670300EEE889 /* Finn.no & Hjem.no Data Extractor Extension.appex */;
			productType = "com.apple.product-type.app-extension";
		};
		C90EAD8E2F65670300EEE889 /* Finn.no & Hjem.no Data Extractor Extension (macOS) */ = {
			isa = PBXNativeTarget;
			buildConfigurationList = C90EADAC2F65670300EEE889 /* Build configuration list for PBXNativeTarget "Finn.no & Hjem.no Data Extractor Extension (macOS)" */;
			buildPhases = (
				C90EAD8B2F65670300EEE889 /* Sources */,
				C90EAD8C2F65670300EEE889 /* Frameworks */,
				C90EAD8D2F65670300EEE889 /* Resources */,
			);
			buildRules = (
			);
			dependencies = (
			);
			name = "Finn.no & Hjem.no Data Extractor Extension (macOS)";
			packageProductDependencies = (
			);
			productName = "Finn.no & Hjem.no Data Extractor Extension (macOS)";
			productReference = C90EAD8F2F65670300EEE889 /* Finn.no & Hjem.no Data Extractor Extension.appex */;
			productType = "com.apple.product-type.app-extension";
		};
/* End PBXNativeTarget section */

/* Begin PBXProject section */
		C90EAD542F65670100EEE889 /* Project object */ = {
			isa = PBXProject;
			attributes = {
				BuildIndependentTargetsInParallel = 1;
				LastSwiftUpdateCheck = 2630;
				LastUpgradeCheck = 2630;
				TargetAttributes = {
					C90EAD662F65670300EEE889 = {
						CreatedOnToolsVersion = 26.3;
					};
					C90EAD782F65670300EEE889 = {
						CreatedOnToolsVersion = 26.3;
					};
					C90EAD842F65670300EEE889 = {
						CreatedOnToolsVersion = 26.3;
					};
					C90EAD8E2F65670300EEE889 = {
						CreatedOnToolsVersion = 26.3;
					};
				};
			};
			buildConfigurationList = C90EAD572F65670100EEE889 /* Build configuration list for PBXProject "Finn.no & Hjem.no Data Extractor" */;
			developmentRegion = en;
			hasScannedForEncodings = 0;
			knownRegions = (
				en,
				Base,
			);
			mainGroup = C90EAD532F65670100EEE889;
			minimizedProjectReferenceProxies = 1;
			preferredProjectObjectVersion = 77;
			productRefGroup = C90EAD682F65670300EEE889 /* Products */;
			projectDirPath = "";
			projectRoot = "";
			targets = (
				C90EAD662F65670300EEE889 /* Finn.no & Hjem.no Data Extractor (iOS) */,
				C90EAD782F65670300EEE889 /* Finn.no & Hjem.no Data Extractor (macOS) */,
				C90EAD842F65670300EEE889 /* Finn.no & Hjem.no Data Extractor Extension (iOS) */,
				C90EAD8E2F65670300EEE889 /* Finn.no & Hjem.no Data Extractor Extension (macOS) */,
			);
		};
/* End PBXProject section */

/* Begin PBXResourcesBuildPhase section */
		C90EAD652F65670300EEE889 /* Resources */ = {
			isa = PBXResourcesBuildPhase;
			buildActionMask = 2147483647;
			files = (
				C90EAD972F65670300EEE889 /* Icon.png in Resources */,
				C90EAD702F65670300EEE889 /* LaunchScreen.storyboard in Resources */,
				C90EAD952F65670300EEE889 /* Main.html in Resources */,
				C90EAD9B2F65670300EEE889 /* Script.js in Resources */,
				C90EAD9F2F65670300EEE889 /* Assets.xcassets in Resources */,
				C90EAD732F65670300EEE889 /* Main.storyboard in Resources */,
				C90EAD992F65670300EEE889 /* Style.css in Resources */,
			);
			runOnlyForDeploymentPostprocessing = 0;
		};
		C90EAD772F65670300EEE889 /* Resources */ = {
			isa = PBXResourcesBuildPhase;
			buildActionMask = 2147483647;
			files = (
				C90EAD982F65670300EEE889 /* Icon.png in Resources */,
				C90EAD9A2F65670300EEE889 /* Style.css in Resources */,
				C90EAD7F2F65670300EEE889 /* Main.storyboard in Resources */,
				C90EAD9C2F65670300EEE889 /* Script.js in Resources */,
				C90EADA02F65670300EEE889 /* Assets.xcassets in Resources */,
				C90EAD962F65670300EEE889 /* Main.html in Resources */,
			);
			runOnlyForDeploymentPostprocessing = 0;
		};
		C90EAD832F65670300EEE889 /* Resources */ = {
			isa = PBXResourcesBuildPhase;
			buildActionMask = 2147483647;
			files = (
				C90EADCB2F65670300EEE889 /* content.js in Resources */,
				C90EADC52F65670300EEE889 /* icon128.png in Resources */,
				C90EADC62F65670300EEE889 /* hjem_no_example.html in Resources */,
				C90EADC42F65670300EEE889 /* icon48.png in Resources */,
				C90EADCA2F65670300EEE889 /* hjem_no_extracts.html in Resources */,
				C90EADC82F65670300EEE889 /* finn_no_example.html in Resources */,
				C90EADC92F65670300EEE889 /* manifest.json in Resources */,
				C90EADC72F65670300EEE889 /* consoleoutput.txt in Resources */,
			);
			runOnlyForDeploymentPostprocessing = 0;
		};
		C90EAD8D2F65670300EEE889 /* Resources */ = {
			isa = PBXResourcesBuildPhase;
			buildActionMask = 2147483647;
			files = (
				C90EADC32F65670300EEE889 /* content.js in Resources */,
				C90EADBD2F65670300EEE889 /* icon128.png in Resources */,
				C90EADBE2F65670300EEE889 /* hjem_no_example.html in Resources */,
				C90EADBC2F65670300EEE889 /* icon48.png in Resources */,
				C90EADC22F65670300EEE889 /* hjem_no_extracts.html in Resources */,
				C90EADC02F65670300EEE889 /* finn_no_example.html in Resources */,
				C90EADC12F65670300EEE889 /* manifest.json in Resources */,
				C90EADBF2F65670300EEE889 /* consoleoutput.txt in Resources */,
			);
			runOnlyForDeploymentPostprocessing = 0;
		};
/* End PBXResourcesBuildPhase section */

/* Begin PBXSourcesBuildPhase section */
		C90EAD632F65670300EEE889 /* Sources */ = {
			isa = PBXSourcesBuildPhase;
			buildActionMask = 2147483647;
			files = (
				C90EAD9D2F65670300EEE889 /* ViewController.swift in Sources */,
				C90EAD6B2F65670300EEE889 /* AppDelegate.swift in Sources */,
				C90EAD6D2F65670300EEE889 /* SceneDelegate.swift in Sources */,
			);
			runOnlyForDeploymentPostprocessing = 0;
		};
		C90EAD752F65670300EEE889 /* Sources */ = {
			isa = PBXSourcesBuildPhase;
			buildActionMask = 2147483647;
			files = (
				C90EAD9E2F65670300EEE889 /* ViewController.swift in Sources */,
				C90EAD7C2F65670300EEE889 /* AppDelegate.swift in Sources */,
			);
			runOnlyForDeploymentPostprocessing = 0;
		};
		C90EAD812F65670300EEE889 /* Sources */ = {
			isa = PBXSourcesBuildPhase;
			buildActionMask = 2147483647;
			files = (
				C90EADA12F65670300EEE889 /* SafariWebExtensionHandler.swift in Sources */,
			);
			runOnlyForDeploymentPostprocessing = 0;
		};
		C90EAD8B2F65670300EEE889 /* Sources */ = {
			isa = PBXSourcesBuildPhase;
			buildActionMask = 2147483647;
			files = (
				C90EADA22F65670300EEE889 /* SafariWebExtensionHandler.swift in Sources */,
			);
			runOnlyForDeploymentPostprocessing = 0;
		};
/* End PBXSourcesBuildPhase section */

/* Begin PBXTargetDependency section */
		C90EAD882F65670300EEE889 /* PBXTargetDependency */ = {
			isa = PBXTargetDependency;
			target = C90EAD842F65670300EEE889 /* Finn.no & Hjem.no Data Extractor Extension (iOS) */;
			targetProxy = C90EAD872F65670300EEE889 /* PBXContainerItemProxy */;
		};
		C90EAD922F65670300EEE889 /* PBXTargetDependency */ = {
			isa = PBXTargetDependency;
			target = C90EAD8E2F65670300EEE889 /* Finn.no & Hjem.no Data Extractor Extension (macOS) */;
			targetProxy = C90EAD912F65670300EEE889 /* PBXContainerItemProxy */;
		};
/* End PBXTargetDependency section */

/* Begin PBXVariantGroup section */
		C90EAD5A2F65670200EEE889 /* Main.html */ = {
			isa = PBXVariantGroup;
			children = (
				C90EAD5B2F65670200EEE889 /* Base */,
			);
			name = Main.html;
			sourceTree = "<group>";
		};
		C90EAD6E2F65670300EEE889 /* LaunchScreen.storyboard */ = {
			isa = PBXVariantGroup;
			children = (
				C90EAD6F2F65670300EEE889 /* Base */,
			);
			name = LaunchScreen.storyboard;
			sourceTree = "<group>";
		};
		C90EAD712F65670300EEE889 /* Main.storyboard */ = {
			isa = PBXVariantGroup;
			children = (
				C90EAD722F65670300EEE889 /* Base */,
			);
			name = Main.storyboard;
			sourceTree = "<group>";
		};
		C90EAD7D2F65670300EEE889 /* Main.storyboard */ = {
			isa = PBXVariantGroup;
			children = (
				C90EAD7E2F65670300EEE889 /* Base */,
			);
			name = Main.storyboard;
			sourceTree = "<group>";
		};
/* End PBXVariantGroup section */

/* Begin XCBuildConfiguration section */
		C90EADA32F65670300EEE889 /* Debug */ = {
			isa = XCBuildConfiguration;
			buildSettings = {
				ALWAYS_SEARCH_USER_PATHS = NO;
				ASSETCATALOG_COMPILER_GENERATE_SWIFT_ASSET_SYMBOL_EXTENSIONS = YES;
				CLANG_ANALYZER_NONNULL = YES;
				CLANG_ANALYZER_NUMBER_OBJECT_CONVERSION = YES_AGGRESSIVE;
				CLANG_CXX_LANGUAGE_STANDARD = "gnu++20";
				CLANG_ENABLE_MODULES = YES;
				CLANG_ENABLE_OBJC_ARC = YES;
				CLANG_ENABLE_OBJC_WEAK = YES;
				CLANG_WARN_BLOCK_CAPTURE_AUTORELEASING = YES;
				CLANG_WARN_BOOL_CONVERSION = YES;
				CLANG_WARN_COMMA = YES;
				CLANG_WARN_CONSTANT_CONVERSION = YES;
				CLANG_WARN_DEPRECATED_OBJC_IMPLEMENTATIONS = YES;
				CLANG_WARN_DIRECT_OBJC_ISA_USAGE = YES_ERROR;
				CLANG_WARN_DOCUMENTATION_COMMENTS = YES;
				CLANG_WARN_EMPTY_BODY = YES;
				CLANG_WARN_ENUM_CONVERSION = YES;
				CLANG_WARN_INFINITE_RECURSION = YES;
				CLANG_WARN_INT_CONVERSION = YES;
				CLANG_WARN_NON_LITERAL_NULL_CONVERSION = YES;
				CLANG_WARN_OBJC_IMPLICIT_RETAIN_SELF = YES;
				CLANG_WARN_OBJC_LITERAL_CONVERSION = YES;
				CLANG_WARN_OBJC_ROOT_CLASS = YES_ERROR;
				CLANG_WARN_QUOTED_INCLUDE_IN_FRAMEWORK_HEADER = YES;
				CLANG_WARN_RANGE_LOOP_ANALYSIS = YES;
				CLANG_WARN_STRICT_PROTOTYPES = YES;
				CLANG_WARN_SUSPICIOUS_MOVE = YES;
				CLANG_WARN_UNGUARDED_AVAILABILITY = YES_AGGRESSIVE;
				CLANG_WARN_UNREACHABLE_CODE = YES;
				CLANG_WARN__DUPLICATE_METHOD_MATCH = YES;
				COPY_PHASE_STRIP = NO;
				DEBUG_INFORMATION_FORMAT = dwarf;
				ENABLE_STRICT_OBJC_MSGSEND = YES;
				ENABLE_TESTABILITY = YES;
				ENABLE_USER_SCRIPT_SANDBOXING = YES;
				GCC_C_LANGUAGE_STANDARD = gnu17;
				GCC_DYNAMIC_NO_PIC = NO;
				GCC_NO_COMMON_BLOCKS = YES;
				GCC_OPTIMIZATION_LEVEL = 0;
				GCC_PREPROCESSOR_DEFINITIONS = (
					"DEBUG=1",
					"$(inherited)",
				);
				GCC_WARN_64_TO_32_BIT_CONVERSION = YES;
				GCC_WARN_ABOUT_RETURN_TYPE = YES_ERROR;
				GCC_WARN_UNDECLARED_SELECTOR = YES;
				GCC_WARN_UNINITIALIZED_AUTOS = YES_AGGRESSIVE;
				GCC_WARN_UNUSED_FUNCTION = YES;
				GCC_WARN_UNUSED_VARIABLE = YES;
				LOCALIZATION_PREFERS_STRING_CATALOGS = YES;
				MTL_ENABLE_DEBUG_INFO = INCLUDE_SOURCE;
				MTL_FAST_MATH = YES;
				ONLY_ACTIVE_ARCH = YES;
				SWIFT_ACTIVE_COMPILATION_CONDITIONS = "DEBUG $(inherited)";
				SWIFT_OPTIMIZATION_LEVEL = "-Onone";
			};
			name = Debug;
		};
		C90EADA42F65670300EEE889 /* Release */ = {
			isa = XCBuildConfiguration;
			buildSettings = {
				ALWAYS_SEARCH_USER_PATHS = NO;
				ASSETCATALOG_COMPILER_GENERATE_SWIFT_ASSET_SYMBOL_EXTENSIONS = YES;
				CLANG_ANALYZER_NONNULL = YES;
				CLANG_ANALYZER_NUMBER_OBJECT_CONVERSION = YES_AGGRESSIVE;
				CLANG_CXX_LANGUAGE_STANDARD = "gnu++20";
				CLANG_ENABLE_MODULES = YES;
				CLANG_ENABLE_OBJC_ARC = YES;
				CLANG_ENABLE_OBJC_WEAK = YES;
				CLANG_WARN_BLOCK_CAPTURE_AUTORELEASING = YES;
				CLANG_WARN_BOOL_CONVERSION = YES;
				CLANG_WARN_COMMA = YES;
				CLANG_WARN_CONSTANT_CONVERSION = YES;
				CLANG_WARN_DEPRECATED_OBJC_IMPLEMENTATIONS = YES;
				CLANG_WARN_DIRECT_OBJC_ISA_USAGE = YES_ERROR;
				CLANG_WARN_DOCUMENTATION_COMMENTS = YES;
				CLANG_WARN_EMPTY_BODY = YES;
				CLANG_WARN_ENUM_CONVERSION = YES;
				CLANG_WARN_INFINITE_RECURSION = YES;
				CLANG_WARN_INT_CONVERSION = YES;
				CLANG_WARN_NON_LITERAL_NULL_CONVERSION = YES;
				CLANG_WARN_OBJC_IMPLICIT_RETAIN_SELF = YES;
				CLANG_WARN_OBJC_LITERAL_CONVERSION = YES;
				CLANG_WARN_OBJC_ROOT_CLASS = YES_ERROR;
				CLANG_WARN_QUOTED_INCLUDE_IN_FRAMEWORK_HEADER = YES;
				CLANG_WARN_RANGE_LOOP_ANALYSIS = YES;
				CLANG_WARN_STRICT_PROTOTYPES = YES;
				CLANG_WARN_SUSPICIOUS_MOVE = YES;
				CLANG_WARN_UNGUARDED_AVAILABILITY = YES_AGGRESSIVE;
				CLANG_WARN_UNREACHABLE_CODE = YES;
				CLANG_WARN__DUPLICATE_METHOD_MATCH = YES;
				COPY_PHASE_STRIP = NO;
				DEBUG_INFORMATION_FORMAT = "dwarf-with-dsym";
				ENABLE_NS_ASSERTIONS = NO;
				ENABLE_STRICT_OBJC_MSGSEND = YES;
				ENABLE_USER_SCRIPT_SANDBOXING = YES;
				GCC_C_LANGUAGE_STANDARD = gnu17;
				GCC_NO_COMMON_BLOCKS = YES;
				GCC_WARN_64_TO_32_BIT_CONVERSION = YES;
				GCC_WARN_ABOUT_RETURN_TYPE = YES_ERROR;
				GCC_WARN_UNDECLARED_SELECTOR = YES;
				GCC_WARN_UNINITIALIZED_AUTOS = YES_AGGRESSIVE;
				GCC_WARN_UNUSED_FUNCTION = YES;
				GCC_WARN_UNUSED_VARIABLE = YES;
				LOCALIZATION_PREFERS_STRING_CATALOGS = YES;
				MTL_ENABLE_DEBUG_INFO = NO;
				MTL_FAST_MATH = YES;
				SWIFT_COMPILATION_MODE = wholemodule;
			};
			name = Release;
		};
		C90EADA62F65670300EEE889 /* Debug */ = {
			isa = XCBuildConfiguration;
			buildSettings = {
				CODE_SIGN_STYLE = Automatic;
				CURRENT_PROJECT_VERSION = 1;
				GENERATE_INFOPLIST_FILE = YES;
				INFOPLIST_FILE = "iOS (Extension)/Info.plist";
				INFOPLIST_KEY_CFBundleDisplayName = "Finn.no & Hjem.no Data Extractor Extension";
				INFOPLIST_KEY_NSHumanReadableCopyright = "";
				IPHONEOS_DEPLOYMENT_TARGET = 15.0;
				LD_RUNPATH_SEARCH_PATHS = (
					"$(inherited)",
					"@executable_path/Frameworks",
					"@executable_path/../../Frameworks",
				);
				MARKETING_VERSION = 1.0;
				OTHER_LDFLAGS = (
					"-framework",
					SafariServices,
				);
				PRODUCT_BUNDLE_IDENTIFIER = "com.yourCompany.Finn.no---Hjem.no-Data-Extractor.Extension";
				PRODUCT_NAME = "Finn.no & Hjem.no Data Extractor Extension";
				SDKROOT = iphoneos;
				SKIP_INSTALL = YES;
				STRING_CATALOG_GENERATE_SYMBOLS = YES;
				SWIFT_APPROACHABLE_CONCURRENCY = YES;
				SWIFT_EMIT_LOC_STRINGS = YES;
				SWIFT_UPCOMING_FEATURE_MEMBER_IMPORT_VISIBILITY = YES;
				SWIFT_VERSION = 5.0;
				TARGETED_DEVICE_FAMILY = "1,2";
			};
			name = Debug;
		};
		C90EADA72F65670300EEE889 /* Release */ = {
			isa = XCBuildConfiguration;
			buildSettings = {
				CODE_SIGN_STYLE = Automatic;
				CURRENT_PROJECT_VERSION = 1;
				GENERATE_INFOPLIST_FILE = YES;
				INFOPLIST_FILE = "iOS (Extension)/Info.plist";
				INFOPLIST_KEY_CFBundleDisplayName = "Finn.no & Hjem.no Data Extractor Extension";
				INFOPLIST_KEY_NSHumanReadableCopyright = "";
				IPHONEOS_DEPLOYMENT_TARGET = 15.0;
				LD_RUNPATH_SEARCH_PATHS = (
					"$(inherited)",
					"@executable_path/Frameworks",
					"@executable_path/../../Frameworks",
				);
				MARKETING_VERSION = 1.0;
				OTHER_LDFLAGS = (
					"-framework",
					SafariServices,
				);
				PRODUCT_BUNDLE_IDENTIFIER = "com.yourCompany.Finn.no---Hjem.no-Data-Extractor.Extension";
				PRODUCT_NAME = "Finn.no & Hjem.no Data Extractor Extension";
				SDKROOT = iphoneos;
				SKIP_INSTALL = YES;
				STRING_CATALOG_GENERATE_SYMBOLS = YES;
				SWIFT_APPROACHABLE_CONCURRENCY = YES;
				SWIFT_EMIT_LOC_STRINGS = YES;
				SWIFT_UPCOMING_FEATURE_MEMBER_IMPORT_VISIBILITY = YES;
				SWIFT_VERSION = 5.0;
				TARGETED_DEVICE_FAMILY = "1,2";
				VALIDATE_PRODUCT = YES;
			};
			name = Release;
		};
		C90EADAA2F65670300EEE889 /* Debug */ = {
			isa = XCBuildConfiguration;
			buildSettings = {
				ASSETCATALOG_COMPILER_APPICON_NAME = AppIcon;
				ASSETCATALOG_COMPILER_GLOBAL_ACCENT_COLOR_NAME = AccentColor;
				CODE_SIGN_STYLE = Automatic;
				CURRENT_PROJECT_VERSION = 1;
				GENERATE_INFOPLIST_FILE = YES;
				INFOPLIST_FILE = "iOS (App)/Info.plist";
				INFOPLIST_KEY_CFBundleDisplayName = "Finn.no & Hjem.no Data Extractor";
				INFOPLIST_KEY_UIApplicationSupportsIndirectInputEvents = YES;
				INFOPLIST_KEY_UILaunchStoryboardName = LaunchScreen;
				INFOPLIST_KEY_UIMainStoryboardFile = Main;
				INFOPLIST_KEY_UISupportedInterfaceOrientations = "UIInterfaceOrientationPortrait UIInterfaceOrientationLandscapeLeft UIInterfaceOrientationLandscapeRight";
				INFOPLIST_KEY_UISupportedInterfaceOrientations_iPad = "UIInterfaceOrientationPortrait UIInterfaceOrientationPortraitUpsideDown UIInterfaceOrientationLandscapeLeft UIInterfaceOrientationLandscapeRight";
				IPHONEOS_DEPLOYMENT_TARGET = 15.0;
				LD_RUNPATH_SEARCH_PATHS = (
					"$(inherited)",
					"@executable_path/Frameworks",
				);
				MARKETING_VERSION = 1.0;
				OTHER_LDFLAGS = (
					"-framework",
					SafariServices,
					"-framework",
					WebKit,
				);
				PRODUCT_BUNDLE_IDENTIFIER = "com.yourCompany.Finn.no---Hjem.no-Data-Extractor";
				PRODUCT_NAME = "Finn.no & Hjem.no Data Extractor";
				SDKROOT = iphoneos;
				STRING_CATALOG_GENERATE_SYMBOLS = YES;
				SWIFT_APPROACHABLE_CONCURRENCY = YES;
				SWIFT_DEFAULT_ACTOR_ISOLATION = MainActor;
				SWIFT_EMIT_LOC_STRINGS = YES;
				SWIFT_UPCOMING_FEATURE_MEMBER_IMPORT_VISIBILITY = YES;
				SWIFT_VERSION = 5.0;
				TARGETED_DEVICE_FAMILY = "1,2";
			};
			name = Debug;
		};
		C90EADAB2F65670300EEE889 /* Release */ = {
			isa = XCBuildConfiguration;
			buildSettings = {
				ASSETCATALOG_COMPILER_APPICON_NAME = AppIcon;
				ASSETCATALOG_COMPILER_GLOBAL_ACCENT_COLOR_NAME = AccentColor;
				CODE_SIGN_STYLE = Automatic;
				CURRENT_PROJECT_VERSION = 1;
				GENERATE_INFOPLIST_FILE = YES;
				INFOPLIST_FILE = "iOS (App)/Info.plist";
				INFOPLIST_KEY_CFBundleDisplayName = "Finn.no & Hjem.no Data Extractor";
				INFOPLIST_KEY_UIApplicationSupportsIndirectInputEvents = YES;
				INFOPLIST_KEY_UILaunchStoryboardName = LaunchScreen;
				INFOPLIST_KEY_UIMainStoryboardFile = Main;
				INFOPLIST_KEY_UISupportedInterfaceOrientations = "UIInterfaceOrientationPortrait UIInterfaceOrientationLandscapeLeft UIInterfaceOrientationLandscapeRight";
				INFOPLIST_KEY_UISupportedInterfaceOrientations_iPad = "UIInterfaceOrientationPortrait UIInterfaceOrientationPortraitUpsideDown UIInterfaceOrientationLandscapeLeft UIInterfaceOrientationLandscapeRight";
				IPHONEOS_DEPLOYMENT_TARGET = 15.0;
				LD_RUNPATH_SEARCH_PATHS = (
					"$(inherited)",
					"@executable_path/Frameworks",
				);
				MARKETING_VERSION = 1.0;
				OTHER_LDFLAGS = (
					"-framework",
					SafariServices,
					"-framework",
					WebKit,
				);
				PRODUCT_BUNDLE_IDENTIFIER = "com.yourCompany.Finn.no---Hjem.no-Data-Extractor";
				PRODUCT_NAME = "Finn.no & Hjem.no Data Extractor";
				SDKROOT = iphoneos;
				STRING_CATALOG_GENERATE_SYMBOLS = YES;
				SWIFT_APPROACHABLE_CONCURRENCY = YES;
				SWIFT_DEFAULT_ACTOR_ISOLATION = MainActor;
				SWIFT_EMIT_LOC_STRINGS = YES;
				SWIFT_UPCOMING_FEATURE_MEMBER_IMPORT_VISIBILITY = YES;
				SWIFT_VERSION = 5.0;
				TARGETED_DEVICE_FAMILY = "1,2";
				VALIDATE_PRODUCT = YES;
			};
			name = Release;
		};
		C90EADAD2F65670300EEE889 /* Debug */ = {
			isa = XCBuildConfiguration;
			buildSettings = {
				CODE_SIGN_STYLE = Automatic;
				CURRENT_PROJECT_VERSION = 1;
				ENABLE_APP_SANDBOX = YES;
				ENABLE_HARDENED_RUNTIME = YES;
				ENABLE_USER_SELECTED_FILES = readonly;
				GENERATE_INFOPLIST_FILE = YES;
				INFOPLIST_FILE = "macOS (Extension)/Info.plist";
				INFOPLIST_KEY_CFBundleDisplayName = "Finn.no & Hjem.no Data Extractor Extension";
				INFOPLIST_KEY_NSHumanReadableCopyright = "";
				LD_RUNPATH_SEARCH_PATHS = (
					"$(inherited)",
					"@executable_path/../Frameworks",
					"@executable_path/../../../../Frameworks",
				);
				MACOSX_DEPLOYMENT_TARGET = 10.14;
				MARKETING_VERSION = 1.0;
				OTHER_LDFLAGS = (
					"-framework",
					SafariServices,
				);
				PRODUCT_BUNDLE_IDENTIFIER = "com.yourCompany.Finn.no---Hjem.no-Data-Extractor.Extension";
				PRODUCT_NAME = "Finn.no & Hjem.no Data Extractor Extension";
				SDKROOT = macosx;
				SKIP_INSTALL = YES;
				STRING_CATALOG_GENERATE_SYMBOLS = YES;
				SWIFT_APPROACHABLE_CONCURRENCY = YES;
				SWIFT_EMIT_LOC_STRINGS = YES;
				SWIFT_UPCOMING_FEATURE_MEMBER_IMPORT_VISIBILITY = YES;
				SWIFT_VERSION = 5.0;
			};
			name = Debug;
		};
		C90EADAE2F65670300EEE889 /* Release */ = {
			isa = XCBuildConfiguration;
			buildSettings = {
				CODE_SIGN_STYLE = Automatic;
				CURRENT_PROJECT_VERSION = 1;
				ENABLE_APP_SANDBOX = YES;
				ENABLE_HARDENED_RUNTIME = YES;
				ENABLE_USER_SELECTED_FILES = readonly;
				GENERATE_INFOPLIST_FILE = YES;
				INFOPLIST_FILE = "macOS (Extension)/Info.plist";
				INFOPLIST_KEY_CFBundleDisplayName = "Finn.no & Hjem.no Data Extractor Extension";
				INFOPLIST_KEY_NSHumanReadableCopyright = "";
				LD_RUNPATH_SEARCH_PATHS = (
					"$(inherited)",
					"@executable_path/../Frameworks",
					"@executable_path/../../../../Frameworks",
				);
				MACOSX_DEPLOYMENT_TARGET = 10.14;
				MARKETING_VERSION = 1.0;
				OTHER_LDFLAGS = (
					"-framework",
					SafariServices,
				);
				PRODUCT_BUNDLE_IDENTIFIER = "com.yourCompany.Finn.no---Hjem.no-Data-Extractor.Extension";
				PRODUCT_NAME = "Finn.no & Hjem.no Data Extractor Extension";
				SDKROOT = macosx;
				SKIP_INSTALL = YES;
				STRING_CATALOG_GENERATE_SYMBOLS = YES;
				SWIFT_APPROACHABLE_CONCURRENCY = YES;
				SWIFT_EMIT_LOC_STRINGS = YES;
				SWIFT_UPCOMING_FEATURE_MEMBER_IMPORT_VISIBILITY = YES;
				SWIFT_VERSION = 5.0;
			};
			name = Release;
		};
		C90EADB12F65670300EEE889 /* Debug */ = {
			isa = XCBuildConfiguration;
			buildSettings = {
				ASSETCATALOG_COMPILER_APPICON_NAME = AppIcon;
				ASSETCATALOG_COMPILER_GLOBAL_ACCENT_COLOR_NAME = AccentColor;
				CODE_SIGN_STYLE = Automatic;
				CURRENT_PROJECT_VERSION = 1;
				ENABLE_APP_SANDBOX = YES;
				ENABLE_HARDENED_RUNTIME = YES;
				ENABLE_OUTGOING_NETWORK_CONNECTIONS = YES;
				ENABLE_USER_SELECTED_FILES = readonly;
				GENERATE_INFOPLIST_FILE = YES;
				INFOPLIST_FILE = "macOS (App)/Info.plist";
				INFOPLIST_KEY_CFBundleDisplayName = "Finn.no & Hjem.no Data Extractor";
				INFOPLIST_KEY_NSMainStoryboardFile = Main;
				INFOPLIST_KEY_NSPrincipalClass = NSApplication;
				LD_RUNPATH_SEARCH_PATHS = (
					"$(inherited)",
					"@executable_path/../Frameworks",
				);
				MACOSX_DEPLOYMENT_TARGET = 10.14;
				MARKETING_VERSION = 1.0;
				OTHER_LDFLAGS = (
					"-framework",
					SafariServices,
					"-framework",
					WebKit,
				);
				PRODUCT_BUNDLE_IDENTIFIER = "com.yourCompany.Finn.no---Hjem.no-Data-Extractor";
				PRODUCT_NAME = "Finn.no & Hjem.no Data Extractor";
				REGISTER_APP_GROUPS = YES;
				SDKROOT = macosx;
				STRING_CATALOG_GENERATE_SYMBOLS = YES;
				SWIFT_APPROACHABLE_CONCURRENCY = YES;
				SWIFT_DEFAULT_ACTOR_ISOLATION = MainActor;
				SWIFT_EMIT_LOC_STRINGS = YES;
				SWIFT_UPCOMING_FEATURE_MEMBER_IMPORT_VISIBILITY = YES;
				SWIFT_VERSION = 5.0;
			};
			name = Debug;
		};
		C90EADB22F65670300EEE889 /* Release */ = {
			isa = XCBuildConfiguration;
			buildSettings = {
				ASSETCATALOG_COMPILER_APPICON_NAME = AppIcon;
				ASSETCATALOG_COMPILER_GLOBAL_ACCENT_COLOR_NAME = AccentColor;
				CODE_SIGN_STYLE = Automatic;
				CURRENT_PROJECT_VERSION = 1;
				ENABLE_APP_SANDBOX = YES;
				ENABLE_HARDENED_RUNTIME = YES;
				ENABLE_OUTGOING_NETWORK_CONNECTIONS = YES;
				ENABLE_USER_SELECTED_FILES = readonly;
				GENERATE_INFOPLIST_FILE = YES;
				INFOPLIST_FILE = "macOS (App)/Info.plist";
				INFOPLIST_KEY_CFBundleDisplayName = "Finn.no & Hjem.no Data Extractor";
				INFOPLIST_KEY_NSMainStoryboardFile = Main;
				INFOPLIST_KEY_NSPrincipalClass = NSApplication;
				LD_RUNPATH_SEARCH_PATHS = (
					"$(inherited)",
					"@executable_path/../Frameworks",
				);
				MACOSX_DEPLOYMENT_TARGET = 10.14;
				MARKETING_VERSION = 1.0;
				OTHER_LDFLAGS = (
					"-framework",
					SafariServices,
					"-framework",
					WebKit,
				);
				PRODUCT_BUNDLE_IDENTIFIER = "com.yourCompany.Finn.no---Hjem.no-Data-Extractor";
				PRODUCT_NAME = "Finn.no & Hjem.no Data Extractor";
				REGISTER_APP_GROUPS = YES;
				SDKROOT = macosx;
				STRING_CATALOG_GENERATE_SYMBOLS = YES;
				SWIFT_APPROACHABLE_CONCURRENCY = YES;
				SWIFT_DEFAULT_ACTOR_ISOLATION = MainActor;
				SWIFT_EMIT_LOC_STRINGS = YES;
				SWIFT_UPCOMING_FEATURE_MEMBER_IMPORT_VISIBILITY = YES;
				SWIFT_VERSION = 5.0;
			};
			name = Release;
		};
/* End XCBuildConfiguration section */

/* Begin XCConfigurationList section */
		C90EAD572F65670100EEE889 /* Build configuration list for PBXProject "Finn.no & Hjem.no Data Extractor" */ = {
			isa = XCConfigurationList;
			buildConfigurations = (
				C90EADA32F65670300EEE889 /* Debug */,
				C90EADA42F65670300EEE889 /* Release */,
			);
			defaultConfigurationIsVisible = 0;
			defaultConfigurationName = Release;
		};
		C90EADA52F65670300EEE889 /* Build configuration list for PBXNativeTarget "Finn.no & Hjem.no Data Extractor Extension (iOS)" */ = {
			isa = XCConfigurationList;
			buildConfigurations = (
				C90EADA62F65670300EEE889 /* Debug */,
				C90EADA72F65670300EEE889 /* Release */,
			);
			defaultConfigurationIsVisible = 0;
			defaultConfigurationName = Release;
		};
		C90EADA92F65670300EEE889 /* Build configuration list for PBXNativeTarget "Finn.no & Hjem.no Data Extractor (iOS)" */ = {
			isa = XCConfigurationList;
			buildConfigurations = (
				C90EADAA2F65670300EEE889 /* Debug */,
				C90EADAB2F65670300EEE889 /* Release */,
			);
			defaultConfigurationIsVisible = 0;
			defaultConfigurationName = Release;
		};
		C90EADAC2F65670300EEE889 /* Build configuration list for PBXNativeTarget "Finn.no & Hjem.no Data Extractor Extension (macOS)" */ = {
			isa = XCConfigurationList;
			buildConfigurations = (
				C90EADAD2F65670300EEE889 /* Debug */,
				C90EADAE2F65670300EEE889 /* Release */,
			);
			defaultConfigurationIsVisible = 0;
			defaultConfigurationName = Release;
		};
		C90EADB02F65670300EEE889 /* Build configuration list for PBXNativeTarget "Finn.no & Hjem.no Data Extractor (macOS)" */ = {
			isa = XCConfigurationList;
			buildConfigurations = (
				C90EADB12F65670300EEE889 /* Debug */,
				C90EADB22F65670300EEE889 /* Release */,
			);
			defaultConfigurationIsVisible = 0;
			defaultConfigurationName = Release;
		};
/* End XCConfigurationList section */
	};
	rootObject = C90EAD542F65670100EEE889 /* Project object */;
}
